
Microsoft Visual Studio Solution File, Format Version 12.00
# Visual Studio Version 17
VisualStudioVersion = 17.9.34902.65
MinimumVisualStudioVersion = 10.0.40219.1
Project("{9A19103F-16F7-4668-BE54-9A1E7A4F7556}") = "PTGKDotNetCoreBath4.ConsoleApp", "PTGKDotNetCoreBath4.ConsoleApp\PTGKDotNetCoreBath4.ConsoleApp.csproj", "{DB0BFF23-60BB-4470-BAE2-D659F0FA4F92}"
EndProject
Project("{FAE04EC0-301F-11D3-BF4B-00C04F79EFBC}") = "PTGKDotNetCoreBath4.WebApi", "PTGKDotNetCoreBath4.WebApi\PTGKDotNetCoreBath4.WebApi.csproj", "{854CB94C-F408-40D8-828E-F43F55BD5B0C}"
EndProject
Global
	GlobalSection(SolutionConfigurationPlatforms) = preSolution
		Debug|Any CPU = Debug|Any CPU
		Release|Any CPU = Release|Any CPU
	EndGlobalSection
	GlobalSection(ProjectConfigurationPlatforms) = postSolution
		{DB0BFF23-60BB-4470-BAE2-D659F0FA4F92}.Debug|Any CPU.ActiveCfg = Debug|Any CPU
		{DB0BFF23-60BB-4470-BAE2-D659F0FA4F92}.Debug|Any CPU.Build.0 = Debug|Any CPU
		{DB0BFF23-60BB-4470-BAE2-D659F0FA4F92}.Release|Any CPU.ActiveCfg = Release|Any CPU
		{DB0BFF23-60BB-4470-BAE2-D659F0FA4F92}.Release|Any CPU.Build.0 = Release|Any CPU
		{854CB94C-F408-40D8-828E-F43F55BD5B0C}.Debug|Any CPU.ActiveCfg = Debug|Any CPU
		{854CB94C-F408-40D8-828E-F43F55BD5B0C}.Debug|Any CPU.Build.0 = Debug|Any CPU
		{854CB94C-F408-40D8-828E-F43F55BD5B0C}.Release|Any CPU.ActiveCfg = Release|Any CPU
		{854CB94C-F408-40D8-828E-F43F55BD5B0C}.Release|Any CPU.Build.0 = Release|Any CPU
	EndGlobalSection
	GlobalSection(SolutionProperties) = preSolution
		HideSolutionNode = FALSE
	EndGlobalSection
	GlobalSection(ExtensibilityGlobals) = postSolution
		SolutionGuid = {1BDDB48B-D979-4896-933F-A1A369D8BA65}
	EndGlobalSection
EndGlobal
